
Microsoft Visual Studio Solution File, Format Version 12.00
# Visual Studio 15
VisualStudioVersion = 15.0.27703.2047
MinimumVisualStudioVersion = 10.0.40219.1
Project("{FAE04EC0-301F-11D3-BF4B-00C04F79EFBC}") = "Assesment3Q2", "Assesment3Q2\Assesment3Q2.csproj", "{0CB82749-5A03-4D86-93A1-135A921332DA}"
EndProject
Global
	GlobalSection(SolutionConfigurationPlatforms) = preSolution
		Debug|Any CPU = Debug|Any CPU
		Release|Any CPU = Release|Any CPU
	EndGlobalSection
	GlobalSection(ProjectConfigurationPlatforms) = postSolution
		{0CB82749-5A03-4D86-93A1-135A921332DA}.Debug|Any CPU.ActiveCfg = Debug|Any CPU
		{0CB82749-5A03-4D86-93A1-135A921332DA}.Debug|Any CPU.Build.0 = Debug|Any CPU
		{0CB82749-5A03-4D86-93A1-135A921332DA}.Release|Any CPU.ActiveCfg = Release|Any CPU
		{0CB82749-5A03-4D86-93A1-135A921332DA}.Release|Any CPU.Build.0 = Release|Any CPU
	EndGlobalSection
	GlobalSection(SolutionProperties) = preSolution
		HideSolutionNode = FALSE
	EndGlobalSection
	GlobalSection(ExtensibilityGlobals) = postSolution
		SolutionGuid = {FFE8D7BC-36AE-437D-BF2D-9B799F1F0E48}
	EndGlobalSection
EndGlobal
